
Microsoft Visual Studio Solution File, Format Version 12.00
# Visual Studio Version 17
VisualStudioVersion = 17.5.002.0
MinimumVisualStudioVersion = 10.0.40219.1
Project("{9A19103F-16F7-4668-BE54-9A1E7A4F7556}") = "NumberLineJumps", "NumberLineJumps\NumberLineJumps.csproj", "{902BCF6C-BB0F-4A9E-A2FF-0D550F0E983E}"
EndProject
Project("{9A19103F-16F7-4668-BE54-9A1E7A4F7556}") = "DesignerPDFViewer", "DesignerPDFViewer\DesignerPDFViewer.csproj", "{9A2753A9-DE7F-46D8-BC20-E75F610BFC51}"
EndProject
Project("{9A19103F-16F7-4668-BE54-9A1E7A4F7556}") = "SimpleArraySum", "SimpleArraySum\SimpleArraySum.csproj", "{81374D4E-70C5-4EB8-B21E-55745EC4124F}"
EndProject
Project("{9A19103F-16F7-4668-BE54-9A1E7A4F7556}") = "SalesByMatch", "SalesByMatch\SalesByMatch.csproj", "{6D85B3BF-2515-453D-B44D-73E83C48D5D6}"
EndProject
Project("{9A19103F-16F7-4668-BE54-9A1E7A4F7556}") = "DivisibleSumPairs", "DivisibleSumPairs\DivisibleSumPairs.csproj", "{E73231C2-24FE-46BF-BE81-F42951DACE39}"
EndProject
Project("{9A19103F-16F7-4668-BE54-9A1E7A4F7556}") = "CatsAndMouse", "CatsAndMouse\CatsAndMouse.csproj", "{98C48879-84B4-4320-A74D-D7FFC56970CC}"
EndProject
Project("{9A19103F-16F7-4668-BE54-9A1E7A4F7556}") = "CompareTriplets", "CompareTriplets\CompareTriplets.csproj", "{9832F35F-77A0-455B-92B3-FE40AD5CE4A2}"
EndProject
Project("{9A19103F-16F7-4668-BE54-9A1E7A4F7556}") = "BreakingTheRecords", "BreakingTheRecords\BreakingTheRecords.csproj", "{2F839B7D-5A08-4C15-AD1D-9F76970B7441}"
EndProject
Project("{9A19103F-16F7-4668-BE54-9A1E7A4F7556}") = "MinMaxSum", "MinMaxSum\MinMaxSum.csproj", "{38524F09-C74E-422D-9FD9-749C08D4298E}"
EndProject
Project("{9A19103F-16F7-4668-BE54-9A1E7A4F7556}") = "TimeConversion", "TimeConversion\TimeConversion.csproj", "{8C581EC3-8155-4673-9C08-55FB49E59516}"
EndProject
Project("{9A19103F-16F7-4668-BE54-9A1E7A4F7556}") = "DayOfProgrammer", "DayOfProgrammer\DayOfProgrammer.csproj", "{9FA8E6F9-3E25-4932-8886-6F258FD70A2E}"
EndProject
Project("{9A19103F-16F7-4668-BE54-9A1E7A4F7556}") = "SubarrayDivision", "SubarrayDivision\SubarrayDivision.csproj", "{D481A481-D260-49E9-BA4E-1D405C68EA03}"
EndProject
Project("{9A19103F-16F7-4668-BE54-9A1E7A4F7556}") = "BillDivision", "BillDivision\BillDivision.csproj", "{5D55B825-BB02-48BB-9C8E-4CA739022E58}"
EndProject
Project("{9A19103F-16F7-4668-BE54-9A1E7A4F7556}") = "DiagonalDifference", "DiagonalDifference\DiagonalDifference.csproj", "{7A733457-89A1-46B1-BEDB-93642D4FF5B6}"
EndProject
Project("{9A19103F-16F7-4668-BE54-9A1E7A4F7556}") = "AppleAndOrange", "AppleAndOrange\AppleAndOrange.csproj", "{DC9788A3-F508-4C45-83D3-10EA9FB783FF}"
EndProject
Project("{9A19103F-16F7-4668-BE54-9A1E7A4F7556}") = "GradingStudents", "GradingStudents\GradingStudents.csproj", "{EA54586A-E354-4100-B60B-963C43AD9CA9}"
EndProject
Project("{9A19103F-16F7-4668-BE54-9A1E7A4F7556}") = "ElectronicsShop", "ElectronicsShop\ElectronicsShop.csproj", "{991F3587-5AA6-4482-95EF-190B7A62EFA6}"
EndProject
Project("{9A19103F-16F7-4668-BE54-9A1E7A4F7556}") = "Staircase", "Staircase\Staircase.csproj", "{4D9717D1-81EA-4777-81C7-CDD04CA6CE6C}"
EndProject
Project("{9A19103F-16F7-4668-BE54-9A1E7A4F7556}") = "CountingValleys", "CountingValleys\CountingValleys.csproj", "{4B684CFD-CFBA-4A38-8B76-458129D98B62}"
EndProject
Project("{9A19103F-16F7-4668-BE54-9A1E7A4F7556}") = "BirthdayCakeCandles", "BirthdayCakeCandles\BirthdayCakeCandles.csproj", "{1AAFEB5F-2D4E-411C-8915-62329F70DF21}"
EndProject
Project("{9A19103F-16F7-4668-BE54-9A1E7A4F7556}") = "SolveMeFirst", "HackerRankProblemSolving\SolveMeFirst.csproj", "{21724980-092A-43F6-896D-A787675C1AFF}"
EndProject
Project("{9A19103F-16F7-4668-BE54-9A1E7A4F7556}") = "MigratoryBirds", "MigratoryBirds\MigratoryBirds.csproj", "{8AD4CDB1-4628-479A-A45A-018FB5C9B5ED}"
EndProject
Project("{9A19103F-16F7-4668-BE54-9A1E7A4F7556}") = "PlusMinus", "PlusMinus\PlusMinus.csproj", "{367FA06D-F01C-4F16-8172-162F71A9D479}"
EndProject
Project("{9A19103F-16F7-4668-BE54-9A1E7A4F7556}") = "ClimbingTheLeaderboard", "ClimbingTheLeaderboard\ClimbingTheLeaderboard.csproj", "{70F5800B-BC1E-4510-80D7-94A7842A4775}"
EndProject
Project("{9A19103F-16F7-4668-BE54-9A1E7A4F7556}") = "HurdleRace", "HurdleRace\HurdleRace.csproj", "{5C37315E-AE9F-45F4-B9D7-8202995DC290}"
EndProject
Project("{9A19103F-16F7-4668-BE54-9A1E7A4F7556}") = "VeryBigSum", "VeryBigSum\VeryBigSum.csproj", "{1D41BE93-F4CA-46F4-B1D1-C3621539FD32}"
EndProject
Global
	GlobalSection(SolutionConfigurationPlatforms) = preSolution
		Debug|Any CPU = Debug|Any CPU
		Release|Any CPU = Release|Any CPU
	EndGlobalSection
	GlobalSection(ProjectConfigurationPlatforms) = postSolution
		{902BCF6C-BB0F-4A9E-A2FF-0D550F0E983E}.Debug|Any CPU.ActiveCfg = Debug|Any CPU
		{902BCF6C-BB0F-4A9E-A2FF-0D550F0E983E}.Debug|Any CPU.Build.0 = Debug|Any CPU
		{902BCF6C-BB0F-4A9E-A2FF-0D550F0E983E}.Release|Any CPU.ActiveCfg = Release|Any CPU
		{902BCF6C-BB0F-4A9E-A2FF-0D550F0E983E}.Release|Any CPU.Build.0 = Release|Any CPU
		{9A2753A9-DE7F-46D8-BC20-E75F610BFC51}.Debug|Any CPU.ActiveCfg = Debug|Any CPU
		{9A2753A9-DE7F-46D8-BC20-E75F610BFC51}.Debug|Any CPU.Build.0 = Debug|Any CPU
		{9A2753A9-DE7F-46D8-BC20-E75F610BFC51}.Release|Any CPU.ActiveCfg = Release|Any CPU
		{9A2753A9-DE7F-46D8-BC20-E75F610BFC51}.Release|Any CPU.Build.0 = Release|Any CPU
		{81374D4E-70C5-4EB8-B21E-55745EC4124F}.Debug|Any CPU.ActiveCfg = Debug|Any CPU
		{81374D4E-70C5-4EB8-B21E-55745EC4124F}.Debug|Any CPU.Build.0 = Debug|Any CPU
		{81374D4E-70C5-4EB8-B21E-55745EC4124F}.Release|Any CPU.ActiveCfg = Release|Any CPU
		{81374D4E-70C5-4EB8-B21E-55745EC4124F}.Release|Any CPU.Build.0 = Release|Any CPU
		{6D85B3BF-2515-453D-B44D-73E83C48D5D6}.Debug|Any CPU.ActiveCfg = Debug|Any CPU
		{6D85B3BF-2515-453D-B44D-73E83C48D5D6}.Debug|Any CPU.Build.0 = Debug|Any CPU
		{6D85B3BF-2515-453D-B44D-73E83C48D5D6}.Release|Any CPU.ActiveCfg = Release|Any CPU
		{6D85B3BF-2515-453D-B44D-73E83C48D5D6}.Release|Any CPU.Build.0 = Release|Any CPU
		{E73231C2-24FE-46BF-BE81-F42951DACE39}.Debug|Any CPU.ActiveCfg = Debug|Any CPU
		{E73231C2-24FE-46BF-BE81-F42951DACE39}.Debug|Any CPU.Build.0 = Debug|Any CPU
		{E73231C2-24FE-46BF-BE81-F42951DACE39}.Release|Any CPU.ActiveCfg = Release|Any CPU
		{E73231C2-24FE-46BF-BE81-F42951DACE39}.Release|Any CPU.Build.0 = Release|Any CPU
		{98C48879-84B4-4320-A74D-D7FFC56970CC}.Debug|Any CPU.ActiveCfg = Debug|Any CPU
		{98C48879-84B4-4320-A74D-D7FFC56970CC}.Debug|Any CPU.Build.0 = Debug|Any CPU
		{98C48879-84B4-4320-A74D-D7FFC56970CC}.Release|Any CPU.ActiveCfg = Release|Any CPU
		{98C48879-84B4-4320-A74D-D7FFC56970CC}.Release|Any CPU.Build.0 = Release|Any CPU
		{9832F35F-77A0-455B-92B3-FE40AD5CE4A2}.Debug|Any CPU.ActiveCfg = Debug|Any CPU
		{9832F35F-77A0-455B-92B3-FE40AD5CE4A2}.Debug|Any CPU.Build.0 = Debug|Any CPU
		{9832F35F-77A0-455B-92B3-FE40AD5CE4A2}.Release|Any CPU.ActiveCfg = Release|Any CPU
		{9832F35F-77A0-455B-92B3-FE40AD5CE4A2}.Release|Any CPU.Build.0 = Release|Any CPU
		{2F839B7D-5A08-4C15-AD1D-9F76970B7441}.Debug|Any CPU.ActiveCfg = Debug|Any CPU
		{2F839B7D-5A08-4C15-AD1D-9F76970B7441}.Debug|Any CPU.Build.0 = Debug|Any CPU
		{2F839B7D-5A08-4C15-AD1D-9F76970B7441}.Release|Any CPU.ActiveCfg = Release|Any CPU
		{2F839B7D-5A08-4C15-AD1D-9F76970B7441}.Release|Any CPU.Build.0 = Release|Any CPU
		{38524F09-C74E-422D-9FD9-749C08D4298E}.Debug|Any CPU.ActiveCfg = Debug|Any CPU
		{38524F09-C74E-422D-9FD9-749C08D4298E}.Debug|Any CPU.Build.0 = Debug|Any CPU
		{38524F09-C74E-422D-9FD9-749C08D4298E}.Release|Any CPU.ActiveCfg = Release|Any CPU
		{38524F09-C74E-422D-9FD9-749C08D4298E}.Release|Any CPU.Build.0 = Release|Any CPU
		{8C581EC3-8155-4673-9C08-55FB49E59516}.Debug|Any CPU.ActiveCfg = Debug|Any CPU
		{8C581EC3-8155-4673-9C08-55FB49E59516}.Debug|Any CPU.Build.0 = Debug|Any CPU
		{8C581EC3-8155-4673-9C08-55FB49E59516}.Release|Any CPU.ActiveCfg = Release|Any CPU
		{8C581EC3-8155-4673-9C08-55FB49E59516}.Release|Any CPU.Build.0 = Release|Any CPU
		{9FA8E6F9-3E25-4932-8886-6F258FD70A2E}.Debug|Any CPU.ActiveCfg = Debug|Any CPU
		{9FA8E6F9-3E25-4932-8886-6F258FD70A2E}.Debug|Any CPU.Build.0 = Debug|Any CPU
		{9FA8E6F9-3E25-4932-8886-6F258FD70A2E}.Release|Any CPU.ActiveCfg = Release|Any CPU
		{9FA8E6F9-3E25-4932-8886-6F258FD70A2E}.Release|Any CPU.Build.0 = Release|Any CPU
		{D481A481-D260-49E9-BA4E-1D405C68EA03}.Debug|Any CPU.ActiveCfg = Debug|Any CPU
		{D481A481-D260-49E9-BA4E-1D405C68EA03}.Debug|Any CPU.Build.0 = Debug|Any CPU
		{D481A481-D260-49E9-BA4E-1D405C68EA03}.Release|Any CPU.ActiveCfg = Release|Any CPU
		{D481A481-D260-49E9-BA4E-1D405C68EA03}.Release|Any CPU.Build.0 = Release|Any CPU
		{5D55B825-BB02-48BB-9C8E-4CA739022E58}.Debug|Any CPU.ActiveCfg = Debug|Any CPU
		{5D55B825-BB02-48BB-9C8E-4CA739022E58}.Debug|Any CPU.Build.0 = Debug|Any CPU
		{5D55B825-BB02-48BB-9C8E-4CA739022E58}.Release|Any CPU.ActiveCfg = Release|Any CPU
		{5D55B825-BB02-48BB-9C8E-4CA739022E58}.Release|Any CPU.Build.0 = Release|Any CPU
		{7A733457-89A1-46B1-BEDB-93642D4FF5B6}.Debug|Any CPU.ActiveCfg = Debug|Any CPU
		{7A733457-89A1-46B1-BEDB-93642D4FF5B6}.Debug|Any CPU.Build.0 = Debug|Any CPU
		{7A733457-89A1-46B1-BEDB-93642D4FF5B6}.Release|Any CPU.ActiveCfg = Release|Any CPU
		{7A733457-89A1-46B1-BEDB-93642D4FF5B6}.Release|Any CPU.Build.0 = Release|Any CPU
		{DC9788A3-F508-4C45-83D3-10EA9FB783FF}.Debug|Any CPU.ActiveCfg = Debug|Any CPU
		{DC9788A3-F508-4C45-83D3-10EA9FB783FF}.Debug|Any CPU.Build.0 = Debug|Any CPU
		{DC9788A3-F508-4C45-83D3-10EA9FB783FF}.Release|Any CPU.ActiveCfg = Release|Any CPU
		{DC9788A3-F508-4C45-83D3-10EA9FB783FF}.Release|Any CPU.Build.0 = Release|Any CPU
		{EA54586A-E354-4100-B60B-963C43AD9CA9}.Debug|Any CPU.ActiveCfg = Debug|Any CPU
		{EA54586A-E354-4100-B60B-963C43AD9CA9}.Debug|Any CPU.Build.0 = Debug|Any CPU
		{EA54586A-E354-4100-B60B-963C43AD9CA9}.Release|Any CPU.ActiveCfg = Release|Any CPU
		{EA54586A-E354-4100-B60B-963C43AD9CA9}.Release|Any CPU.Build.0 = Release|Any CPU
		{991F3587-5AA6-4482-95EF-190B7A62EFA6}.Debug|Any CPU.ActiveCfg = Debug|Any CPU
		{991F3587-5AA6-4482-95EF-190B7A62EFA6}.Debug|Any CPU.Build.0 = Debug|Any CPU
		{991F3587-5AA6-4482-95EF-190B7A62EFA6}.Release|Any CPU.ActiveCfg = Release|Any CPU
		{991F3587-5AA6-4482-95EF-190B7A62EFA6}.Release|Any CPU.Build.0 = Release|Any CPU
		{4D9717D1-81EA-4777-81C7-CDD04CA6CE6C}.Debug|Any CPU.ActiveCfg = Debug|Any CPU
		{4D9717D1-81EA-4777-81C7-CDD04CA6CE6C}.Debug|Any CPU.Build.0 = Debug|Any CPU
		{4D9717D1-81EA-4777-81C7-CDD04CA6CE6C}.Release|Any CPU.ActiveCfg = Release|Any CPU
		{4D9717D1-81EA-4777-81C7-CDD04CA6CE6C}.Release|Any CPU.Build.0 = Release|Any CPU
		{4B684CFD-CFBA-4A38-8B76-458129D98B62}.Debug|Any CPU.ActiveCfg = Debug|Any CPU
		{4B684CFD-CFBA-4A38-8B76-458129D98B62}.Debug|Any CPU.Build.0 = Debug|Any CPU
		{4B684CFD-CFBA-4A38-8B76-458129D98B62}.Release|Any CPU.ActiveCfg = Release|Any CPU
		{4B684CFD-CFBA-4A38-8B76-458129D98B62}.Release|Any CPU.Build.0 = Release|Any CPU
		{1AAFEB5F-2D4E-411C-8915-62329F70DF21}.Debug|Any CPU.ActiveCfg = Debug|Any CPU
		{1AAFEB5F-2D4E-411C-8915-62329F70DF21}.Debug|Any CPU.Build.0 = Debug|Any CPU
		{1AAFEB5F-2D4E-411C-8915-62329F70DF21}.Release|Any CPU.ActiveCfg = Release|Any CPU
		{1AAFEB5F-2D4E-411C-8915-62329F70DF21}.Release|Any CPU.Build.0 = Release|Any CPU
		{21724980-092A-43F6-896D-A787675C1AFF}.Debug|Any CPU.ActiveCfg = Debug|Any CPU
		{21724980-092A-43F6-896D-A787675C1AFF}.Debug|Any CPU.Build.0 = Debug|Any CPU
		{21724980-092A-43F6-896D-A787675C1AFF}.Release|Any CPU.ActiveCfg = Release|Any CPU
		{21724980-092A-43F6-896D-A787675C1AFF}.Release|Any CPU.Build.0 = Release|Any CPU
		{8AD4CDB1-4628-479A-A45A-018FB5C9B5ED}.Debug|Any CPU.ActiveCfg = Debug|Any CPU
		{8AD4CDB1-4628-479A-A45A-018FB5C9B5ED}.Debug|Any CPU.Build.0 = Debug|Any CPU
		{8AD4CDB1-4628-479A-A45A-018FB5C9B5ED}.Release|Any CPU.ActiveCfg = Release|Any CPU
		{8AD4CDB1-4628-479A-A45A-018FB5C9B5ED}.Release|Any CPU.Build.0 = Release|Any CPU
		{367FA06D-F01C-4F16-8172-162F71A9D479}.Debug|Any CPU.ActiveCfg = Debug|Any CPU
		{367FA06D-F01C-4F16-8172-162F71A9D479}.Debug|Any CPU.Build.0 = Debug|Any CPU
		{367FA06D-F01C-4F16-8172-162F71A9D479}.Release|Any CPU.ActiveCfg = Release|Any CPU
		{367FA06D-F01C-4F16-8172-162F71A9D479}.Release|Any CPU.Build.0 = Release|Any CPU
		{70F5800B-BC1E-4510-80D7-94A7842A4775}.Debug|Any CPU.ActiveCfg = Debug|Any CPU
		{70F5800B-BC1E-4510-80D7-94A7842A4775}.Debug|Any CPU.Build.0 = Debug|Any CPU
		{70F5800B-BC1E-4510-80D7-94A7842A4775}.Release|Any CPU.ActiveCfg = Release|Any CPU
		{70F5800B-BC1E-4510-80D7-94A7842A4775}.Release|Any CPU.Build.0 = Release|Any CPU
		{5C37315E-AE9F-45F4-B9D7-8202995DC290}.Debug|Any CPU.ActiveCfg = Debug|Any CPU
		{5C37315E-AE9F-45F4-B9D7-8202995DC290}.Debug|Any CPU.Build.0 = Debug|Any CPU
		{5C37315E-AE9F-45F4-B9D7-8202995DC290}.Release|Any CPU.ActiveCfg = Release|Any CPU
		{5C37315E-AE9F-45F4-B9D7-8202995DC290}.Release|Any CPU.Build.0 = Release|Any CPU
		{1D41BE93-F4CA-46F4-B1D1-C3621539FD32}.Debug|Any CPU.ActiveCfg = Debug|Any CPU
		{1D41BE93-F4CA-46F4-B1D1-C3621539FD32}.Debug|Any CPU.Build.0 = Debug|Any CPU
		{1D41BE93-F4CA-46F4-B1D1-C3621539FD32}.Release|Any CPU.ActiveCfg = Release|Any CPU
		{1D41BE93-F4CA-46F4-B1D1-C3621539FD32}.Release|Any CPU.Build.0 = Release|Any CPU
	EndGlobalSection
	GlobalSection(SolutionProperties) = preSolution
		HideSolutionNode = FALSE
	EndGlobalSection
	GlobalSection(ExtensibilityGlobals) = postSolution
		SolutionGuid = {F48CC25B-DBA2-4E3D-8492-B7A0047AE65B}
	EndGlobalSection
EndGlobal
